// !$*UTF8*$!
{
	archiveVersion = 1;
	classes = {
	};
	objectVersion = 50;
	objects = {

/* Begin PBXBuildFile section */
		08B15B2F20871CC8007DCF23 /* AlertViewController.swift in Sources */ = {isa = PBXBuildFile; fileRef = 08B15B2A20871CC7007DCF23 /* AlertViewController.swift */; };
		08B15B3020871CC8007DCF23 /* PresentationController.swift in Sources */ = {isa = PBXBuildFile; fileRef = 08B15B2C20871CC7007DCF23 /* PresentationController.swift */; };
		08B15B3120871CC8007DCF23 /* PresentationAnimator.swift in Sources */ = {isa = PBXBuildFile; fileRef = 08B15B2D20871CC7007DCF23 /* PresentationAnimator.swift */; };
		08B15B3220871CC8007DCF23 /* PresentationManager.swift in Sources */ = {isa = PBXBuildFile; fileRef = 08B15B2E20871CC7007DCF23 /* PresentationManager.swift */; };
		08E2DE4F20861D7400DE70A6 /* AppDelegate.swift in Sources */ = {isa = PBXBuildFile; fileRef = 08E2DE4E20861D7400DE70A6 /* AppDelegate.swift */; };
		08E2DE5120861D7400DE70A6 /* ViewController.swift in Sources */ = {isa = PBXBuildFile; fileRef = 08E2DE5020861D7400DE70A6 /* ViewController.swift */; };
		08E2DE5420861D7400DE70A6 /* Main.storyboard in Resources */ = {isa = PBXBuildFile; fileRef = 08E2DE5220861D7400DE70A6 /* Main.storyboard */; };
		08E2DE5620861D7600DE70A6 /* Assets.xcassets in Resources */ = {isa = PBXBuildFile; fileRef = 08E2DE5520861D7600DE70A6 /* Assets.xcassets */; };
		08E2DE5920861D7600DE70A6 /* LaunchScreen.storyboard in Resources */ = {isa = PBXBuildFile; fileRef = 08E2DE5720861D7600DE70A6 /* LaunchScreen.storyboard */; };
/* End PBXBuildFile section */

/* Begin PBXFileReference section */
		08B15B2A20871CC7007DCF23 /* AlertViewController.swift */ = {isa = PBXFileReference; fileEncoding = 4; lastKnownFileType = sourcecode.swift; path = AlertViewController.swift; sourceTree = "<group>"; };
		08B15B2C20871CC7007DCF23 /* PresentationController.swift */ = {isa = PBXFileReference; fileEncoding = 4; lastKnownFileType = sourcecode.swift; path = PresentationController.swift; sourceTree = "<group>"; };
		08B15B2D20871CC7007DCF23 /* PresentationAnimator.swift */ = {isa = PBXFileReference; fileEncoding = 4; lastKnownFileType = sourcecode.swift; path = PresentationAnimator.swift; sourceTree = "<group>"; };
		08B15B2E20871CC7007DCF23 /* PresentationManager.swift */ = {isa = PBXFileReference; fileEncoding = 4; lastKnownFileType = sourcecode.swift; path = PresentationManager.swift; sourceTree = "<group>"; };
		08E2DE4B20861D7400DE70A6 /* MABAlertController.app */ = {isa = PBXFileReference; explicitFileType = wrapper.application; includeInIndex = 0; path = MABAlertController.app; sourceTree = BUILT_PRODUCTS_DIR; };
		08E2DE4E20861D7400DE70A6 /* AppDelegate.swift */ = {isa = PBXFileReference; lastKnownFileType = sourcecode.swift; path = AppDelegate.swift; sourceTree = "<group>"; };
		08E2DE5020861D7400DE70A6 /* ViewController.swift */ = {isa = PBXFileReference; lastKnownFileType = sourcecode.swift; path = ViewController.swift; sourceTree = "<group>"; };
		08E2DE5320861D7400DE70A6 /* Base */ = {isa = PBXFileReference; lastKnownFileType = file.storyboard; name = Base; path = Base.lproj/Main.storyboard; sourceTree = "<group>"; };
		08E2DE5520861D7600DE70A6 /* Assets.xcassets */ = {isa = PBXFileReference; lastKnownFileType = folder.assetcatalog; path = Assets.xcassets; sourceTree = "<group>"; };
		08E2DE5820861D7600DE70A6 /* Base */ = {isa = PBXFileReference; lastKnownFileType = file.storyboard; name = Base; path = Base.lproj/LaunchScreen.storyboard; sourceTree = "<group>"; };
		08E2DE5A20861D7600DE70A6 /* Info.plist */ = {isa = PBXFileReference; lastKnownFileType = text.plist.xml; path = Info.plist; sourceTree = "<group>"; };
/* End PBXFileReference section */

/* Begin PBXFrameworksBuildPhase section */
		08E2DE4820861D7400DE70A6 /* Frameworks */ = {
			isa = PBXFrameworksBuildPhase;
			buildActionMask = 2147483647;
			files = (
			);
			runOnlyForDeploymentPostprocessing = 0;
		};
/* End PBXFrameworksBuildPhase section */

/* Begin PBXGroup section */
		08B15B2920871CC7007DCF23 /* source */ = {
			isa = PBXGroup;
			children = (
				08B15B2A20871CC7007DCF23 /* AlertViewController.swift */,
				08B15B2B20871CC7007DCF23 /* PresentationController */,
			);
			name = source;
			path = ../../source;
			sourceTree = "<group>";
		};
		08B15B2B20871CC7007DCF23 /* PresentationController */ = {
			isa = PBXGroup;
			children = (
				08B15B2C20871CC7007DCF23 /* PresentationController.swift */,
				08B15B2D20871CC7007DCF23 /* PresentationAnimator.swift */,
				08B15B2E20871CC7007DCF23 /* PresentationManager.swift */,
			);
			path = PresentationController;
			sourceTree = "<group>";
		};
		08E2DE4220861D7400DE70A6 = {
			isa = PBXGroup;
			children = (
				08E2DE4D20861D7400DE70A6 /* MABAlertController */,
				08E2DE4C20861D7400DE70A6 /* Products */,
			);
			sourceTree = "<group>";
		};
		08E2DE4C20861D7400DE70A6 /* Products */ = {
			isa = PBXGroup;
			children = (
				08E2DE4B20861D7400DE70A6 /* MABAlertController.app */,
			);
			name = Products;
			sourceTree = "<group>";
		};
		08E2DE4D20861D7400DE70A6 /* MABAlertController */ = {
			isa = PBXGroup;
			children = (
				08B15B2920871CC7007DCF23 /* source */,
				08E2DE4E20861D7400DE70A6 /* AppDelegate.swift */,
				08E2DE5020861D7400DE70A6 /* ViewController.swift */,
				08E2DE5220861D7400DE70A6 /* Main.storyboard */,
				08E2DE5520861D7600DE70A6 /* Assets.xcassets */,
				08E2DE5720861D7600DE70A6 /* LaunchScreen.storyboard */,
				08E2DE5A20861D7600DE70A6 /* Info.plist */,
			);
			path = MABAlertController;
			sourceTree = "<group>";
		};
/* End PBXGroup section */

/* Begin PBXNativeTarget section */
		08E2DE4A20861D7400DE70A6 /* MABAlertController */ = {
			isa = PBXNativeTarget;
			buildConfigurationList = 08E2DE5D20861D7600DE70A6 /* Build configuration list for PBXNativeTarget "MABAlertController" */;
			buildPhases = (
				08E2DE4720861D7400DE70A6 /* Sources */,
				08E2DE4820861D7400DE70A6 /* Frameworks */,
				08E2DE4920861D7400DE70A6 /* Resources */,
			);
			buildRules = (
			);
			dependencies = (
			);
			name = MABAlertController;
			productName = MABAlertController;
			productReference = 08E2DE4B20861D7400DE70A6 /* MABAlertController.app */;
			productType = "com.apple.product-type.application";
		};
/* End PBXNativeTarget section */

/* Begin PBXProject section */
		08E2DE4320861D7400DE70A6 /* Project object */ = {
			isa = PBXProject;
			attributes = {
				LastSwiftUpdateCheck = 0930;
				LastUpgradeCheck = 0930;
				ORGANIZATIONNAME = "Muhammad Bassio";
				TargetAttributes = {
					08E2DE4A20861D7400DE70A6 = {
						CreatedOnToolsVersion = 9.3;
					};
				};
			};
			buildConfigurationList = 08E2DE4620861D7400DE70A6 /* Build configuration list for PBXProject "MABAlertController" */;
			compatibilityVersion = "Xcode 9.3";
			developmentRegion = en;
			hasScannedForEncodings = 0;
			knownRegions = (
				en,
				Base,
			);
			mainGroup = 08E2DE4220861D7400DE70A6;
			productRefGroup = 08E2DE4C20861D7400DE70A6 /* Products */;
			projectDirPath = "";
			projectRoot = "";
			targets = (
				08E2DE4A20861D7400DE70A6 /* MABAlertController */,
			);
		};
/* End PBXProject section */

/* Begin PBXResourcesBuildPhase section */
		08E2DE4920861D7400DE70A6 /* Resources */ = {
			isa = PBXResourcesBuildPhase;
			buildActionMask = 2147483647;
			files = (
				08E2DE5920861D7600DE70A6 /* LaunchScreen.storyboard in Resources */,
				08E2DE5620861D7600DE70A6 /* Assets.xcassets in Resources */,
				08E2DE5420861D7400DE70A6 /* Main.storyboard in Resources */,
			);
			runOnlyForDeploymentPostprocessing = 0;
		};
/* End PBXResourcesBuildPhase section */

/* Begin PBXSourcesBuildPhase section */
		08E2DE4720861D7400DE70A6 /* Sources */ = {
			isa = PBXSourcesBuildPhase;
			buildActionMask = 2147483647;
			files = (
				08E2DE5120861D7400DE70A6 /* ViewController.swift in Sources */,
				08B15B3220871CC8007DCF23 /* PresentationManager.swift in Sources */,
				08B15B2F20871CC8007DCF23 /* AlertViewController.swift in Sources */,
				08B15B3120871CC8007DCF23 /* PresentationAnimator.swift in Sources */,
				08E2DE4F20861D7400DE70A6 /* AppDelegate.swift in Sources */,
				08B15B3020871CC8007DCF23 /* PresentationController.swift in Sources */,
			);
			runOnlyForDeploymentPostprocessing = 0;
		};
/* End PBXSourcesBuildPhase section */

/* Begin PBXVariantGroup section */
		08E2DE5220861D7400DE70A6 /* Main.storyboard */ = {
			isa = PBXVariantGroup;
			children = (
				08E2DE5320861D7400DE70A6 /* Base */,
			);
			name = Main.storyboard;
			sourceTree = "<group>";
		};
		08E2DE5720861D7600DE70A6 /* LaunchScreen.storyboard */ = {
			isa = PBXVariantGroup;
			children = (
				08E2DE5820861D7600DE70A6 /* Base */,
			);
			name = LaunchScreen.storyboard;
			sourceTree = "<group>";
		};
/* End PBXVariantGroup section */

/* Begin XCBuildConfiguration section */
		08E2DE5B20861D7600DE70A6 /* Debug */ = {
			isa = XCBuildConfiguration;
			buildSettings = {
				ALWAYS_SEARCH_USER_PATHS = NO;
				CLANG_ANALYZER_NONNULL = YES;
				CLANG_ANALYZER_NUMBER_OBJECT_CONVERSION = YES_AGGRESSIVE;
				CLANG_CXX_LANGUAGE_STANDARD = "gnu++14";
				CLANG_CXX_LIBRARY = "libc++";
				CLANG_ENABLE_MODULES = YES;
				CLANG_ENABLE_OBJC_ARC = YES;
				CLANG_ENABLE_OBJC_WEAK = YES;
				CLANG_WARN_BLOCK_CAPTURE_AUTORELEASING = YES;
				CLANG_WARN_BOOL_CONVERSION = YES;
				CLANG_WARN_COMMA = YES;
				CLANG_WARN_CONSTANT_CONVERSION = YES;
				CLANG_WARN_DEPRECATED_OBJC_IMPLEMENTATIONS = YES;
				CLANG_WARN_DIRECT_OBJC_ISA_USAGE = YES_ERROR;
				CLANG_WARN_DOCUMENTATION_COMMENTS = YES;
				CLANG_WARN_EMPTY_BODY = YES;
				CLANG_WARN_ENUM_CONVERSION = YES;
				CLANG_WARN_INFINITE_RECURSION = YES;
				CLANG_WARN_INT_CONVERSION = YES;
				CLANG_WARN_NON_LITERAL_NULL_CONVERSION = YES;
				CLANG_WARN_OBJC_IMPLICIT_RETAIN_SELF = YES;
				CLANG_WARN_OBJC_LITERAL_CONVERSION = YES;
				CLANG_WARN_OBJC_ROOT_CLASS = YES_ERROR;
				CLANG_WARN_RANGE_LOOP_ANALYSIS = YES;
				CLANG_WARN_STRICT_PROTOTYPES = YES;
				CLANG_WARN_SUSPICIOUS_MOVE = YES;
				CLANG_WARN_UNGUARDED_AVAILABILITY = YES_AGGRESSIVE;
				CLANG_WARN_UNREACHABLE_CODE = YES;
				CLANG_WARN__DUPLICATE_METHOD_MATCH = YES;
				CODE_SIGN_IDENTITY = "iPhone Developer";
				COPY_PHASE_STRIP = NO;
				DEBUG_INFORMATION_FORMAT = dwarf;
				ENABLE_STRICT_OBJC_MSGSEND = YES;
				ENABLE_TESTABILITY = YES;
				GCC_C_LANGUAGE_STANDARD = gnu11;
				GCC_DYNAMIC_NO_PIC = NO;
				GCC_NO_COMMON_BLOCKS = YES;
				GCC_OPTIMIZATION_LEVEL = 0;
				GCC_PREPROCESSOR_DEFINITIONS = (
					"DEBUG=1",
					"$(inherited)",
				);
				GCC_WARN_64_TO_32_BIT_CONVERSION = YES;
				GCC_WARN_ABOUT_RETURN_TYPE = YES_ERROR;
				GCC_WARN_UNDECLARED_SELECTOR = YES;
				GCC_WARN_UNINITIALIZED_AUTOS = YES_AGGRESSIVE;
				GCC_WARN_UNUSED_FUNCTION = YES;
				GCC_WARN_UNUSED_VARIABLE = YES;
				IPHONEOS_DEPLOYMENT_TARGET = 11.3;
				MTL_ENABLE_DEBUG_INFO = YES;
				ONLY_ACTIVE_ARCH = YES;
				SDKROOT = iphoneos;
				SWIFT_ACTIVE_COMPILATION_CONDITIONS = DEBUG;
				SWIFT_OPTIMIZATION_LEVEL = "-Onone";
			};
			name = Debug;
		};
		08E2DE5C20861D7600DE70A6 /* Release */ = {
			isa = XCBuildConfiguration;
			buildSettings = {
				ALWAYS_SEARCH_USER_PATHS = NO;
				CLANG_ANALYZER_NONNULL = YES;
				CLANG_ANALYZER_NUMBER_OBJECT_CONVERSION = YES_AGGRESSIVE;
				CLANG_CXX_LANGUAGE_STANDARD = "gnu++14";
				CLANG_CXX_LIBRARY = "libc++";
				CLANG_ENABLE_MODULES = YES;
				CLANG_ENABLE_OBJC_ARC = YES;
				CLANG_ENABLE_OBJC_WEAK = YES;
				CLANG_WARN_BLOCK_CAPTURE_AUTORELEASING = YES;
				CLANG_WARN_BOOL_CONVERSION = YES;
				CLANG_WARN_COMMA = YES;
				CLANG_WARN_CONSTANT_CONVERSION = YES;
				CLANG_WARN_DEPRECATED_OBJC_IMPLEMENTATIONS = YES;
				CLANG_WARN_DIRECT_OBJC_ISA_USAGE = YES_ERROR;
				CLANG_WARN_DOCUMENTATION_COMMENTS = YES;
				CLANG_WARN_EMPTY_BODY = YES;
				CLANG_WARN_ENUM_CONVERSION = YES;
				CLANG_WARN_INFINITE_RECURSION = YES;
				CLANG_WARN_INT_CONVERSION = YES;
				CLANG_WARN_NON_LITERAL_NULL_CONVERSION = YES;
				CLANG_WARN_OBJC_IMPLICIT_RETAIN_SELF = YES;
				CLANG_WARN_OBJC_LITERAL_CONVERSION = YES;
				CLANG_WARN_OBJC_ROOT_CLASS = YES_ERROR;
				CLANG_WARN_RANGE_LOOP_ANALYSIS = YES;
				CLANG_WARN_STRICT_PROTOTYPES = YES;
				CLANG_WARN_SUSPICIOUS_MOVE = YES;
				CLANG_WARN_UNGUARDED_AVAILABILITY = YES_AGGRESSIVE;
				CLANG_WARN_UNREACHABLE_CODE = YES;
				CLANG_WARN__DUPLICATE_METHOD_MATCH = YES;
				CODE_SIGN_IDENTITY = "iPhone Developer";
				COPY_PHASE_STRIP = NO;
				DEBUG_INFORMATION_FORMAT = "dwarf-with-dsym";
				ENABLE_NS_ASSERTIONS = NO;
				ENABLE_STRICT_OBJC_MSGSEND = YES;
				GCC_C_LANGUAGE_STANDARD = gnu11;
				GCC_NO_COMMON_BLOCKS = YES;
				GCC_WARN_64_TO_32_BIT_CONVERSION = YES;
				GCC_WARN_ABOUT_RETURN_TYPE = YES_ERROR;
				GCC_WARN_UNDECLARED_SELECTOR = YES;
				GCC_WARN_UNINITIALIZED_AUTOS = YES_AGGRESSIVE;
				GCC_WARN_UNUSED_FUNCTION = YES;
				GCC_WARN_UNUSED_VARIABLE = YES;
				IPHONEOS_DEPLOYMENT_TARGET = 11.3;
				MTL_ENABLE_DEBUG_INFO = NO;
				SDKROOT = iphoneos;
				SWIFT_COMPILATION_MODE = wholemodule;
				SWIFT_OPTIMIZATION_LEVEL = "-O";
				VALIDATE_PRODUCT = YES;
			};
			name = Release;
		};
		08E2DE5E20861D7600DE70A6 /* Debug */ = {
			isa = XCBuildConfiguration;
			buildSettings = {
				ASSETCATALOG_COMPILER_APPICON_NAME = AppIcon;
				CODE_SIGN_STYLE = Automatic;
				DEVELOPMENT_TEAM = X236AS6W4J;
				INFOPLIST_FILE = MABAlertController/Info.plist;
				IPHONEOS_DEPLOYMENT_TARGET = 11.0;
				LD_RUNPATH_SEARCH_PATHS = (
					"$(inherited)",
					"@executable_path/Frameworks",
				);
				PRODUCT_BUNDLE_IDENTIFIER = xyz.bassio.libs.MABAlertController;
				PRODUCT_NAME = "$(TARGET_NAME)";
				SWIFT_VERSION = 4.0;
				TARGETED_DEVICE_FAMILY = "1,2";
			};
			name = Debug;
		};
		08E2DE5F20861D7600DE70A6 /* Release */ = {
			isa = XCBuildConfiguration;
			buildSettings = {
				ASSETCATALOG_COMPILER_APPICON_NAME = AppIcon;
				CODE_SIGN_STYLE = Automatic;
				DEVELOPMENT_TEAM = X236AS6W4J;
				INFOPLIST_FILE = MABAlertController/Info.plist;
				IPHONEOS_DEPLOYMENT_TARGET = 11.0;
				LD_RUNPATH_SEARCH_PATHS = (
					"$(inherited)",
					"@executable_path/Frameworks",
				);
				PRODUCT_BUNDLE_IDENTIFIER = xyz.bassio.libs.MABAlertController;
				PRODUCT_NAME = "$(TARGET_NAME)";
				SWIFT_VERSION = 4.0;
				TARGETED_DEVICE_FAMILY = "1,2";
			};
			name = Release;
		};
/* End XCBuildConfiguration section */

/* Begin XCConfigurationList section */
		08E2DE4620861D7400DE70A6 /* Build configuration list for PBXProject "MABAlertController" */ = {
			isa = XCConfigurationList;
			buildConfigurations = (
				08E2DE5B20861D7600DE70A6 /* Debug */,
				08E2DE5C20861D7600DE70A6 /* Release */,
			);
			defaultConfigurationIsVisible = 0;
			defaultConfigurationName = Release;
		};
		08E2DE5D20861D7600DE70A6 /* Build configuration list for PBXNativeTarget "MABAlertController" */ = {
			isa = XCConfigurationList;
			buildConfigurations = (
				08E2DE5E20861D7600DE70A6 /* Debug */,
				08E2DE5F20861D7600DE70A6 /* Release */,
			);
			defaultConfigurationIsVisible = 0;
			defaultConfigurationName = Release;
		};
/* End XCConfigurationList section */
	};
	rootObject = 08E2DE4320861D7400DE70A6 /* Project object */;
}
